
Microsoft Visual Studio Solution File, Format Version 12.00
# Visual Studio Version 17
VisualStudioVersion = 17.11.35312.102
MinimumVisualStudioVersion = 10.0.40219.1
Project("{9A19103F-16F7-4668-BE54-9A1E7A4F7556}") = "PrioridadesApp.API", "PrioridadesApp.API.csproj", "{A722D7CC-3B07-473B-8594-EA4B2BB4D9F1}"
EndProject
Project("{9A19103F-16F7-4668-BE54-9A1E7A4F7556}") = "PrioridadesApp.Data", "..\PrioridadesApp.Data\PrioridadesApp.Data.csproj", "{43826BCC-2B9E-405F-B89E-2CB62EC001D2}"
EndProject
Global
	GlobalSection(SolutionConfigurationPlatforms) = preSolution
		Debug|Any CPU = Debug|Any CPU
		Release|Any CPU = Release|Any CPU
	EndGlobalSection
	GlobalSection(ProjectConfigurationPlatforms) = postSolution
		{A722D7CC-3B07-473B-8594-EA4B2BB4D9F1}.Debug|Any CPU.ActiveCfg = Debug|Any CPU
		{A722D7CC-3B07-473B-8594-EA4B2BB4D9F1}.Debug|Any CPU.Build.0 = Debug|Any CPU
		{A722D7CC-3B07-473B-8594-EA4B2BB4D9F1}.Release|Any CPU.ActiveCfg = Release|Any CPU
		{A722D7CC-3B07-473B-8594-EA4B2BB4D9F1}.Release|Any CPU.Build.0 = Release|Any CPU
		{43826BCC-2B9E-405F-B89E-2CB62EC001D2}.Debug|Any CPU.ActiveCfg = Debug|Any CPU
		{43826BCC-2B9E-405F-B89E-2CB62EC001D2}.Debug|Any CPU.Build.0 = Debug|Any CPU
		{43826BCC-2B9E-405F-B89E-2CB62EC001D2}.Release|Any CPU.ActiveCfg = Release|Any CPU
		{43826BCC-2B9E-405F-B89E-2CB62EC001D2}.Release|Any CPU.Build.0 = Release|Any CPU
	EndGlobalSection
	GlobalSection(SolutionProperties) = preSolution
		HideSolutionNode = FALSE
	EndGlobalSection
	GlobalSection(ExtensibilityGlobals) = postSolution
		SolutionGuid = {670FCC68-F1EF-45FD-B8C7-68D7104CC82E}
	EndGlobalSection
EndGlobal
